
Microsoft Visual Studio Solution File, Format Version 12.00
# Visual Studio Version 16
VisualStudioVersion = 16.0.31205.134
MinimumVisualStudioVersion = 10.0.40219.1
Project("{9A19103F-16F7-4668-BE54-9A1E7A4F7556}") = "Homeland.SASF.WebAPI", "SASF.WebAPI\Homeland.SASF.WebAPI.csproj", "{5F34A4D4-22AA-4DD5-9092-B71149C8C9A5}"
EndProject
Project("{2150E333-8FDC-42A3-9474-1A3956D46DE8}") = "Common", "Common", "{83B8617C-5256-4635-8710-9D68B078717B}"
EndProject
Project("{9A19103F-16F7-4668-BE54-9A1E7A4F7556}") = "Homeland.SASF.DAL", "SASF.WebAPI.DAL.Funcionarios\Homeland.SASF.DAL.csproj", "{C3F2142C-80C2-4145-9F45-52788851A5A9}"
EndProject
Project("{9A19103F-16F7-4668-BE54-9A1E7A4F7556}") = "Homeland.SASF.Model", "SASF.WebAPI.Model\Homeland.SASF.Model.csproj", "{7FA3A1F3-2252-4004-92AF-A2CF59DA5AEC}"
EndProject
Project("{2150E333-8FDC-42A3-9474-1A3956D46DE8}") = "Service", "Service", "{1D717DC2-8F7D-4818-9028-54069AC116A6}"
EndProject
Project("{2150E333-8FDC-42A3-9474-1A3956D46DE8}") = "App", "App", "{1519E396-E051-48A9-9BF4-514EE370E599}"
EndProject
Project("{9A19103F-16F7-4668-BE54-9A1E7A4F7556}") = "Homeland.SASF.WebApp", "SASF.WebApp\Homeland.SASF.WebApp.csproj", "{76E95CE0-D1C1-41E5-BDB5-4543AB5932D1}"
EndProject
Project("{9A19103F-16F7-4668-BE54-9A1E7A4F7556}") = "Homeland.SASF.Security", "Homeland.SASF.Security\Homeland.SASF.Security.csproj", "{117E45D6-65EA-460F-8AEB-324ECA832BC6}"
EndProject
Project("{FAE04EC0-301F-11D3-BF4B-00C04F79EFBC}") = "Homeland.SASF.NotificationAPI", "Homeland.SASF.NotificationAPI\Homeland.SASF.NotificationAPI.csproj", "{5FF526A4-2769-463B-847C-0F9BD421200D}"
EndProject
Global
	GlobalSection(SolutionConfigurationPlatforms) = preSolution
		Debug|Any CPU = Debug|Any CPU
		Release|Any CPU = Release|Any CPU
	EndGlobalSection
	GlobalSection(ProjectConfigurationPlatforms) = postSolution
		{5F34A4D4-22AA-4DD5-9092-B71149C8C9A5}.Debug|Any CPU.ActiveCfg = Debug|Any CPU
		{5F34A4D4-22AA-4DD5-9092-B71149C8C9A5}.Debug|Any CPU.Build.0 = Debug|Any CPU
		{5F34A4D4-22AA-4DD5-9092-B71149C8C9A5}.Release|Any CPU.ActiveCfg = Release|Any CPU
		{5F34A4D4-22AA-4DD5-9092-B71149C8C9A5}.Release|Any CPU.Build.0 = Release|Any CPU
		{C3F2142C-80C2-4145-9F45-52788851A5A9}.Debug|Any CPU.ActiveCfg = Debug|Any CPU
		{C3F2142C-80C2-4145-9F45-52788851A5A9}.Debug|Any CPU.Build.0 = Debug|Any CPU
		{C3F2142C-80C2-4145-9F45-52788851A5A9}.Release|Any CPU.ActiveCfg = Release|Any CPU
		{C3F2142C-80C2-4145-9F45-52788851A5A9}.Release|Any CPU.Build.0 = Release|Any CPU
		{7FA3A1F3-2252-4004-92AF-A2CF59DA5AEC}.Debug|Any CPU.ActiveCfg = Debug|Any CPU
		{7FA3A1F3-2252-4004-92AF-A2CF59DA5AEC}.Debug|Any CPU.Build.0 = Debug|Any CPU
		{7FA3A1F3-2252-4004-92AF-A2CF59DA5AEC}.Release|Any CPU.ActiveCfg = Release|Any CPU
		{7FA3A1F3-2252-4004-92AF-A2CF59DA5AEC}.Release|Any CPU.Build.0 = Release|Any CPU
		{76E95CE0-D1C1-41E5-BDB5-4543AB5932D1}.Debug|Any CPU.ActiveCfg = Debug|Any CPU
		{76E95CE0-D1C1-41E5-BDB5-4543AB5932D1}.Debug|Any CPU.Build.0 = Debug|Any CPU
		{76E95CE0-D1C1-41E5-BDB5-4543AB5932D1}.Release|Any CPU.ActiveCfg = Release|Any CPU
		{76E95CE0-D1C1-41E5-BDB5-4543AB5932D1}.Release|Any CPU.Build.0 = Release|Any CPU
		{117E45D6-65EA-460F-8AEB-324ECA832BC6}.Debug|Any CPU.ActiveCfg = Debug|Any CPU
		{117E45D6-65EA-460F-8AEB-324ECA832BC6}.Debug|Any CPU.Build.0 = Debug|Any CPU
		{117E45D6-65EA-460F-8AEB-324ECA832BC6}.Release|Any CPU.ActiveCfg = Release|Any CPU
		{117E45D6-65EA-460F-8AEB-324ECA832BC6}.Release|Any CPU.Build.0 = Release|Any CPU
		{5FF526A4-2769-463B-847C-0F9BD421200D}.Debug|Any CPU.ActiveCfg = Debug|Any CPU
		{5FF526A4-2769-463B-847C-0F9BD421200D}.Debug|Any CPU.Build.0 = Debug|Any CPU
		{5FF526A4-2769-463B-847C-0F9BD421200D}.Release|Any CPU.ActiveCfg = Release|Any CPU
		{5FF526A4-2769-463B-847C-0F9BD421200D}.Release|Any CPU.Build.0 = Release|Any CPU
	EndGlobalSection
	GlobalSection(SolutionProperties) = preSolution
		HideSolutionNode = FALSE
	EndGlobalSection
	GlobalSection(NestedProjects) = preSolution
		{5F34A4D4-22AA-4DD5-9092-B71149C8C9A5} = {1D717DC2-8F7D-4818-9028-54069AC116A6}
		{C3F2142C-80C2-4145-9F45-52788851A5A9} = {83B8617C-5256-4635-8710-9D68B078717B}
		{7FA3A1F3-2252-4004-92AF-A2CF59DA5AEC} = {83B8617C-5256-4635-8710-9D68B078717B}
		{76E95CE0-D1C1-41E5-BDB5-4543AB5932D1} = {1519E396-E051-48A9-9BF4-514EE370E599}
		{117E45D6-65EA-460F-8AEB-324ECA832BC6} = {83B8617C-5256-4635-8710-9D68B078717B}
		{5FF526A4-2769-463B-847C-0F9BD421200D} = {1D717DC2-8F7D-4818-9028-54069AC116A6}
	EndGlobalSection
	GlobalSection(ExtensibilityGlobals) = postSolution
		SolutionGuid = {2D18B115-5AD6-41E6-B7B1-B84F661F191B}
	EndGlobalSection
EndGlobal
