
Microsoft Visual Studio Solution File, Format Version 12.00
# Visual Studio Version 16
VisualStudioVersion = 16.0.31205.134
MinimumVisualStudioVersion = 10.0.40219.1
Project("{2150E333-8FDC-42A3-9474-1A3956D46DE8}") = "Common", "Common", "{83B8617C-5256-4635-8710-9D68B078717B}"
EndProject
Project("{2150E333-8FDC-42A3-9474-1A3956D46DE8}") = "Service", "Service", "{1D717DC2-8F7D-4818-9028-54069AC116A6}"
EndProject
Project("{2150E333-8FDC-42A3-9474-1A3956D46DE8}") = "App", "App", "{1519E396-E051-48A9-9BF4-514EE370E599}"
EndProject
Project("{9A19103F-16F7-4668-BE54-9A1E7A4F7556}") = "Homeland.SASF.Security", "Homeland.SASF.Security\Homeland.SASF.Security.csproj", "{117E45D6-65EA-460F-8AEB-324ECA832BC6}"
EndProject
Project("{9A19103F-16F7-4668-BE54-9A1E7A4F7556}") = "Homeland.SASF.NotificationAPI", "Homeland.SASF.NotificationAPI\Homeland.SASF.NotificationAPI.csproj", "{5FF526A4-2769-463B-847C-0F9BD421200D}"
EndProject
Project("{9A19103F-16F7-4668-BE54-9A1E7A4F7556}") = "Homeland.SASF.WebAPI", "Homeland.SASF.WebAPI\Homeland.SASF.WebAPI.csproj", "{2CBBC6B0-8B91-4992-9A6D-86E699BBFFA3}"
EndProject
Project("{9A19103F-16F7-4668-BE54-9A1E7A4F7556}") = "Homeland.SASF.WebApp", "Homeland.SASF.WebApp\Homeland.SASF.WebApp.csproj", "{A9277531-79A9-43E7-B492-7FFF6140045F}"
EndProject
Project("{9A19103F-16F7-4668-BE54-9A1E7A4F7556}") = "Homeland.SASF.DAL", "Homeland.SASF.DAL\Homeland.SASF.DAL.csproj", "{7987D84C-3082-4CFC-8ACD-E8613A777270}"
EndProject
Project("{9A19103F-16F7-4668-BE54-9A1E7A4F7556}") = "Homeland.SASF.Model", "Homeland.SASF.Model\Homeland.SASF.Model.csproj", "{88D788F5-3973-4467-B956-9555CFFDEBBF}"
EndProject
Global
	GlobalSection(SolutionConfigurationPlatforms) = preSolution
		Debug|Any CPU = Debug|Any CPU
		Release|Any CPU = Release|Any CPU
	EndGlobalSection
	GlobalSection(ProjectConfigurationPlatforms) = postSolution
		{117E45D6-65EA-460F-8AEB-324ECA832BC6}.Debug|Any CPU.ActiveCfg = Debug|Any CPU
		{117E45D6-65EA-460F-8AEB-324ECA832BC6}.Debug|Any CPU.Build.0 = Debug|Any CPU
		{117E45D6-65EA-460F-8AEB-324ECA832BC6}.Release|Any CPU.ActiveCfg = Release|Any CPU
		{117E45D6-65EA-460F-8AEB-324ECA832BC6}.Release|Any CPU.Build.0 = Release|Any CPU
		{5FF526A4-2769-463B-847C-0F9BD421200D}.Debug|Any CPU.ActiveCfg = Debug|Any CPU
		{5FF526A4-2769-463B-847C-0F9BD421200D}.Debug|Any CPU.Build.0 = Debug|Any CPU
		{5FF526A4-2769-463B-847C-0F9BD421200D}.Release|Any CPU.ActiveCfg = Release|Any CPU
		{5FF526A4-2769-463B-847C-0F9BD421200D}.Release|Any CPU.Build.0 = Release|Any CPU
		{2CBBC6B0-8B91-4992-9A6D-86E699BBFFA3}.Debug|Any CPU.ActiveCfg = Debug|Any CPU
		{2CBBC6B0-8B91-4992-9A6D-86E699BBFFA3}.Debug|Any CPU.Build.0 = Debug|Any CPU
		{2CBBC6B0-8B91-4992-9A6D-86E699BBFFA3}.Release|Any CPU.ActiveCfg = Release|Any CPU
		{2CBBC6B0-8B91-4992-9A6D-86E699BBFFA3}.Release|Any CPU.Build.0 = Release|Any CPU
		{A9277531-79A9-43E7-B492-7FFF6140045F}.Debug|Any CPU.ActiveCfg = Debug|Any CPU
		{A9277531-79A9-43E7-B492-7FFF6140045F}.Debug|Any CPU.Build.0 = Debug|Any CPU
		{A9277531-79A9-43E7-B492-7FFF6140045F}.Release|Any CPU.ActiveCfg = Release|Any CPU
		{A9277531-79A9-43E7-B492-7FFF6140045F}.Release|Any CPU.Build.0 = Release|Any CPU
		{7987D84C-3082-4CFC-8ACD-E8613A777270}.Debug|Any CPU.ActiveCfg = Debug|Any CPU
		{7987D84C-3082-4CFC-8ACD-E8613A777270}.Debug|Any CPU.Build.0 = Debug|Any CPU
		{7987D84C-3082-4CFC-8ACD-E8613A777270}.Release|Any CPU.ActiveCfg = Release|Any CPU
		{7987D84C-3082-4CFC-8ACD-E8613A777270}.Release|Any CPU.Build.0 = Release|Any CPU
		{88D788F5-3973-4467-B956-9555CFFDEBBF}.Debug|Any CPU.ActiveCfg = Debug|Any CPU
		{88D788F5-3973-4467-B956-9555CFFDEBBF}.Debug|Any CPU.Build.0 = Debug|Any CPU
		{88D788F5-3973-4467-B956-9555CFFDEBBF}.Release|Any CPU.ActiveCfg = Release|Any CPU
		{88D788F5-3973-4467-B956-9555CFFDEBBF}.Release|Any CPU.Build.0 = Release|Any CPU
	EndGlobalSection
	GlobalSection(SolutionProperties) = preSolution
		HideSolutionNode = FALSE
	EndGlobalSection
	GlobalSection(NestedProjects) = preSolution
		{117E45D6-65EA-460F-8AEB-324ECA832BC6} = {83B8617C-5256-4635-8710-9D68B078717B}
		{5FF526A4-2769-463B-847C-0F9BD421200D} = {1D717DC2-8F7D-4818-9028-54069AC116A6}
		{2CBBC6B0-8B91-4992-9A6D-86E699BBFFA3} = {1D717DC2-8F7D-4818-9028-54069AC116A6}
		{A9277531-79A9-43E7-B492-7FFF6140045F} = {1519E396-E051-48A9-9BF4-514EE370E599}
		{7987D84C-3082-4CFC-8ACD-E8613A777270} = {83B8617C-5256-4635-8710-9D68B078717B}
		{88D788F5-3973-4467-B956-9555CFFDEBBF} = {83B8617C-5256-4635-8710-9D68B078717B}
	EndGlobalSection
	GlobalSection(ExtensibilityGlobals) = postSolution
		SolutionGuid = {2D18B115-5AD6-41E6-B7B1-B84F661F191B}
	EndGlobalSection
EndGlobal
